
Microsoft Visual Studio Solution File, Format Version 12.00
# Visual Studio Version 17
VisualStudioVersion = 17.3.32811.315
MinimumVisualStudioVersion = 10.0.40219.1
Project("{9A19103F-16F7-4668-BE54-9A1E7A4F7556}") = "CaWorkshop.WebUI", "CaWorkshop.WebUI\CaWorkshop.WebUI.csproj", "{2C400133-52A9-44E7-ABA9-645DB2F39492}"
EndProject
Project("{9A19103F-16F7-4668-BE54-9A1E7A4F7556}") = "CaWorkshop.Domain", "CaWorkshop.Domain\CaWorkshop.Domain.csproj", "{06F75AC2-7690-4B53-B78A-C767274E5AE3}"
EndProject
Project("{FAE04EC0-301F-11D3-BF4B-00C04F79EFBC}") = "CaWorkshop.Application", "CaWorkshop.Application\CaWorkshop.Application.csproj", "{4B874962-C266-43D1-B5BA-C9592CF195FC}"
EndProject
Project("{FAE04EC0-301F-11D3-BF4B-00C04F79EFBC}") = "CaWorkshop.Infrastructure", "CaWorkshop.Infrastructure\CaWorkshop.Infrastructure.csproj", "{F291AFC8-5B1C-4910-BCF0-2E1C94C5C048}"
EndProject
Project("{FAE04EC0-301F-11D3-BF4B-00C04F79EFBC}") = "CaWorkshop.Application.UnitTests", "CaWorkshop.Application.UnitTests\CaWorkshop.Application.UnitTests.csproj", "{00EBACE0-FAFE-47F4-A8C5-AE1A47CFCEA7}"
EndProject
Global
	GlobalSection(SolutionConfigurationPlatforms) = preSolution
		Debug|Any CPU = Debug|Any CPU
		Release|Any CPU = Release|Any CPU
	EndGlobalSection
	GlobalSection(ProjectConfigurationPlatforms) = postSolution
		{2C400133-52A9-44E7-ABA9-645DB2F39492}.Debug|Any CPU.ActiveCfg = Debug|Any CPU
		{2C400133-52A9-44E7-ABA9-645DB2F39492}.Debug|Any CPU.Build.0 = Debug|Any CPU
		{2C400133-52A9-44E7-ABA9-645DB2F39492}.Release|Any CPU.ActiveCfg = Release|Any CPU
		{2C400133-52A9-44E7-ABA9-645DB2F39492}.Release|Any CPU.Build.0 = Release|Any CPU
		{06F75AC2-7690-4B53-B78A-C767274E5AE3}.Debug|Any CPU.ActiveCfg = Debug|Any CPU
		{06F75AC2-7690-4B53-B78A-C767274E5AE3}.Debug|Any CPU.Build.0 = Debug|Any CPU
		{06F75AC2-7690-4B53-B78A-C767274E5AE3}.Release|Any CPU.ActiveCfg = Release|Any CPU
		{06F75AC2-7690-4B53-B78A-C767274E5AE3}.Release|Any CPU.Build.0 = Release|Any CPU
		{4B874962-C266-43D1-B5BA-C9592CF195FC}.Debug|Any CPU.ActiveCfg = Debug|Any CPU
		{4B874962-C266-43D1-B5BA-C9592CF195FC}.Debug|Any CPU.Build.0 = Debug|Any CPU
		{4B874962-C266-43D1-B5BA-C9592CF195FC}.Release|Any CPU.ActiveCfg = Release|Any CPU
		{4B874962-C266-43D1-B5BA-C9592CF195FC}.Release|Any CPU.Build.0 = Release|Any CPU
		{F291AFC8-5B1C-4910-BCF0-2E1C94C5C048}.Debug|Any CPU.ActiveCfg = Debug|Any CPU
		{F291AFC8-5B1C-4910-BCF0-2E1C94C5C048}.Debug|Any CPU.Build.0 = Debug|Any CPU
		{F291AFC8-5B1C-4910-BCF0-2E1C94C5C048}.Release|Any CPU.ActiveCfg = Release|Any CPU
		{F291AFC8-5B1C-4910-BCF0-2E1C94C5C048}.Release|Any CPU.Build.0 = Release|Any CPU
		{00EBACE0-FAFE-47F4-A8C5-AE1A47CFCEA7}.Debug|Any CPU.ActiveCfg = Debug|Any CPU
		{00EBACE0-FAFE-47F4-A8C5-AE1A47CFCEA7}.Debug|Any CPU.Build.0 = Debug|Any CPU
		{00EBACE0-FAFE-47F4-A8C5-AE1A47CFCEA7}.Release|Any CPU.ActiveCfg = Release|Any CPU
		{00EBACE0-FAFE-47F4-A8C5-AE1A47CFCEA7}.Release|Any CPU.Build.0 = Release|Any CPU
	EndGlobalSection
	GlobalSection(SolutionProperties) = preSolution
		HideSolutionNode = FALSE
	EndGlobalSection
	GlobalSection(ExtensibilityGlobals) = postSolution
		SolutionGuid = {AF0B2CD5-CD21-41EF-9550-18A6D95ED920}
	EndGlobalSection
EndGlobal
